// !$*UTF8*$!
{
	archiveVersion = 1;
	classes = {
	};
	objectVersion = 50;
	objects = {

/* Begin PBXBuildFile section */
		470A82E5221AEEDE00B3BA0B /* AppDelegate.m in Sources */ = {isa = PBXBuildFile; fileRef = 470A82E4221AEEDE00B3BA0B /* AppDelegate.m */; };
		470A82E8221AEEDE00B3BA0B /* ViewController.m in Sources */ = {isa = PBXBuildFile; fileRef = 470A82E7221AEEDE00B3BA0B /* ViewController.m */; };
		470A82EB221AEEDE00B3BA0B /* Main.storyboard in Resources */ = {isa = PBXBuildFile; fileRef = 470A82E9221AEEDE00B3BA0B /* Main.storyboard */; };
		470A82ED221AEEE100B3BA0B /* Assets.xcassets in Resources */ = {isa = PBXBuildFile; fileRef = 470A82EC221AEEE100B3BA0B /* Assets.xcassets */; };
		470A82F0221AEEE100B3BA0B /* LaunchScreen.storyboard in Resources */ = {isa = PBXBuildFile; fileRef = 470A82EE221AEEE100B3BA0B /* LaunchScreen.storyboard */; };
		470A82F3221AEEE100B3BA0B /* main.m in Sources */ = {isa = PBXBuildFile; fileRef = 470A82F2221AEEE100B3BA0B /* main.m */; };
		470A82FC221AEF7700B3BA0B /* CircleModel.m in Sources */ = {isa = PBXBuildFile; fileRef = 470A82FB221AEF7700B3BA0B /* CircleModel.m */; };
		470A82FF221AF42600B3BA0B /* CircleLinkedList.m in Sources */ = {isa = PBXBuildFile; fileRef = 470A82FE221AF42600B3BA0B /* CircleLinkedList.m */; };
		479F34F1221C55FF000E0F06 /* CircleGroup.m in Sources */ = {isa = PBXBuildFile; fileRef = 479F34F0221C55FF000E0F06 /* CircleGroup.m */; };
		47C13967222ACFFC003221D5 /* Editor.PNG in Resources */ = {isa = PBXBuildFile; fileRef = 47C13966222ACFFC003221D5 /* Editor.PNG */; };
		47C13969222AD006003221D5 /* Preview.PNG in Resources */ = {isa = PBXBuildFile; fileRef = 47C13968222AD006003221D5 /* Preview.PNG */; };
		63091623221D026D005FE2E7 /* UIView+UIViewController.m in Sources */ = {isa = PBXBuildFile; fileRef = 63091622221D026D005FE2E7 /* UIView+UIViewController.m */; };
		635C2FFD221E4FF60036619D /* DetailViewController.m in Sources */ = {isa = PBXBuildFile; fileRef = 635C2FFC221E4FF60036619D /* DetailViewController.m */; };
		635C3001221E51400036619D /* CircleManager.m in Sources */ = {isa = PBXBuildFile; fileRef = 635C3000221E51400036619D /* CircleManager.m */; };
		635C300A221ED0B70036619D /* UIBezierPath+dqd_arrowhead.m in Sources */ = {isa = PBXBuildFile; fileRef = 635C3009221ED0B70036619D /* UIBezierPath+dqd_arrowhead.m */; };
		637FF647221C265900245228 /* CircleView.m in Sources */ = {isa = PBXBuildFile; fileRef = 637FF646221C265900245228 /* CircleView.m */; };
		637FF64A221C269000245228 /* CircleCanvas.m in Sources */ = {isa = PBXBuildFile; fileRef = 637FF649221C269000245228 /* CircleCanvas.m */; };
/* End PBXBuildFile section */

/* Begin PBXFileReference section */
		470A82E0221AEEDE00B3BA0B /* AZOpenProject.app */ = {isa = PBXFileReference; explicitFileType = wrapper.application; includeInIndex = 0; path = AZOpenProject.app; sourceTree = BUILT_PRODUCTS_DIR; };
		470A82E3221AEEDE00B3BA0B /* AppDelegate.h */ = {isa = PBXFileReference; lastKnownFileType = sourcecode.c.h; path = AppDelegate.h; sourceTree = "<group>"; };
		470A82E4221AEEDE00B3BA0B /* AppDelegate.m */ = {isa = PBXFileReference; lastKnownFileType = sourcecode.c.objc; path = AppDelegate.m; sourceTree = "<group>"; };
		470A82E6221AEEDE00B3BA0B /* ViewController.h */ = {isa = PBXFileReference; lastKnownFileType = sourcecode.c.h; path = ViewController.h; sourceTree = "<group>"; };
		470A82E7221AEEDE00B3BA0B /* ViewController.m */ = {isa = PBXFileReference; lastKnownFileType = sourcecode.c.objc; path = ViewController.m; sourceTree = "<group>"; };
		470A82EA221AEEDE00B3BA0B /* Base */ = {isa = PBXFileReference; lastKnownFileType = file.storyboard; name = Base; path = Base.lproj/Main.storyboard; sourceTree = "<group>"; };
		470A82EC221AEEE100B3BA0B /* Assets.xcassets */ = {isa = PBXFileReference; lastKnownFileType = folder.assetcatalog; path = Assets.xcassets; sourceTree = "<group>"; };
		470A82EF221AEEE100B3BA0B /* Base */ = {isa = PBXFileReference; lastKnownFileType = file.storyboard; name = Base; path = Base.lproj/LaunchScreen.storyboard; sourceTree = "<group>"; };
		470A82F1221AEEE100B3BA0B /* Info.plist */ = {isa = PBXFileReference; lastKnownFileType = text.plist.xml; path = Info.plist; sourceTree = "<group>"; };
		470A82F2221AEEE100B3BA0B /* main.m */ = {isa = PBXFileReference; lastKnownFileType = sourcecode.c.objc; path = main.m; sourceTree = "<group>"; };
		470A82FA221AEF7700B3BA0B /* CircleModel.h */ = {isa = PBXFileReference; lastKnownFileType = sourcecode.c.h; path = CircleModel.h; sourceTree = "<group>"; };
		470A82FB221AEF7700B3BA0B /* CircleModel.m */ = {isa = PBXFileReference; lastKnownFileType = sourcecode.c.objc; path = CircleModel.m; sourceTree = "<group>"; };
		470A82FD221AF42600B3BA0B /* CircleLinkedList.h */ = {isa = PBXFileReference; lastKnownFileType = sourcecode.c.h; path = CircleLinkedList.h; sourceTree = "<group>"; };
		470A82FE221AF42600B3BA0B /* CircleLinkedList.m */ = {isa = PBXFileReference; lastKnownFileType = sourcecode.c.objc; path = CircleLinkedList.m; sourceTree = "<group>"; };
		479F34EF221C55FF000E0F06 /* CircleGroup.h */ = {isa = PBXFileReference; lastKnownFileType = sourcecode.c.h; path = CircleGroup.h; sourceTree = "<group>"; };
		479F34F0221C55FF000E0F06 /* CircleGroup.m */ = {isa = PBXFileReference; lastKnownFileType = sourcecode.c.objc; path = CircleGroup.m; sourceTree = "<group>"; };
		47C13966222ACFFC003221D5 /* Editor.PNG */ = {isa = PBXFileReference; lastKnownFileType = image.png; path = Editor.PNG; sourceTree = "<group>"; };
		47C13968222AD006003221D5 /* Preview.PNG */ = {isa = PBXFileReference; lastKnownFileType = image.png; path = Preview.PNG; sourceTree = "<group>"; };
		63091621221D026D005FE2E7 /* UIView+UIViewController.h */ = {isa = PBXFileReference; lastKnownFileType = sourcecode.c.h; path = "UIView+UIViewController.h"; sourceTree = "<group>"; };
		63091622221D026D005FE2E7 /* UIView+UIViewController.m */ = {isa = PBXFileReference; lastKnownFileType = sourcecode.c.objc; path = "UIView+UIViewController.m"; sourceTree = "<group>"; };
		635C2FFB221E4FF60036619D /* DetailViewController.h */ = {isa = PBXFileReference; lastKnownFileType = sourcecode.c.h; path = DetailViewController.h; sourceTree = "<group>"; };
		635C2FFC221E4FF60036619D /* DetailViewController.m */ = {isa = PBXFileReference; lastKnownFileType = sourcecode.c.objc; path = DetailViewController.m; sourceTree = "<group>"; };
		635C2FFF221E51400036619D /* CircleManager.h */ = {isa = PBXFileReference; lastKnownFileType = sourcecode.c.h; path = CircleManager.h; sourceTree = "<group>"; };
		635C3000221E51400036619D /* CircleManager.m */ = {isa = PBXFileReference; lastKnownFileType = sourcecode.c.objc; path = CircleManager.m; sourceTree = "<group>"; };
		635C3008221ED0B70036619D /* UIBezierPath+dqd_arrowhead.h */ = {isa = PBXFileReference; lastKnownFileType = sourcecode.c.h; path = "UIBezierPath+dqd_arrowhead.h"; sourceTree = "<group>"; };
		635C3009221ED0B70036619D /* UIBezierPath+dqd_arrowhead.m */ = {isa = PBXFileReference; lastKnownFileType = sourcecode.c.objc; path = "UIBezierPath+dqd_arrowhead.m"; sourceTree = "<group>"; };
		637FF645221C265900245228 /* CircleView.h */ = {isa = PBXFileReference; lastKnownFileType = sourcecode.c.h; path = CircleView.h; sourceTree = "<group>"; };
		637FF646221C265900245228 /* CircleView.m */ = {isa = PBXFileReference; lastKnownFileType = sourcecode.c.objc; path = CircleView.m; sourceTree = "<group>"; };
		637FF648221C269000245228 /* CircleCanvas.h */ = {isa = PBXFileReference; lastKnownFileType = sourcecode.c.h; path = CircleCanvas.h; sourceTree = "<group>"; };
		637FF649221C269000245228 /* CircleCanvas.m */ = {isa = PBXFileReference; lastKnownFileType = sourcecode.c.objc; path = CircleCanvas.m; sourceTree = "<group>"; };
/* End PBXFileReference section */

/* Begin PBXFrameworksBuildPhase section */
		470A82DD221AEEDE00B3BA0B /* Frameworks */ = {
			isa = PBXFrameworksBuildPhase;
			buildActionMask = 2147483647;
			files = (
			);
			runOnlyForDeploymentPostprocessing = 0;
		};
/* End PBXFrameworksBuildPhase section */

/* Begin PBXGroup section */
		470A82D7221AEEDE00B3BA0B = {
			isa = PBXGroup;
			children = (
				47C13965222ACFD3003221D5 /* preview */,
				470A82E2221AEEDE00B3BA0B /* AZOpenProject */,
				470A82E1221AEEDE00B3BA0B /* Products */,
			);
			sourceTree = "<group>";
		};
		470A82E1221AEEDE00B3BA0B /* Products */ = {
			isa = PBXGroup;
			children = (
				470A82E0221AEEDE00B3BA0B /* AZOpenProject.app */,
			);
			name = Products;
			sourceTree = "<group>";
		};
		470A82E2221AEEDE00B3BA0B /* AZOpenProject */ = {
			isa = PBXGroup;
			children = (
				635C2FFE221E51130036619D /* Manager */,
				63091620221D0242005FE2E7 /* Utils */,
				637FF644221C263B00245228 /* View */,
				470A82F9221AEF1D00B3BA0B /* Model */,
				635C2FFA221E4FA10036619D /* VC */,
				470A82E3221AEEDE00B3BA0B /* AppDelegate.h */,
				470A82E4221AEEDE00B3BA0B /* AppDelegate.m */,
				470A82E9221AEEDE00B3BA0B /* Main.storyboard */,
				470A82EC221AEEE100B3BA0B /* Assets.xcassets */,
				470A82EE221AEEE100B3BA0B /* LaunchScreen.storyboard */,
				470A82F1221AEEE100B3BA0B /* Info.plist */,
				470A82F2221AEEE100B3BA0B /* main.m */,
			);
			path = AZOpenProject;
			sourceTree = "<group>";
		};
		470A82F9221AEF1D00B3BA0B /* Model */ = {
			isa = PBXGroup;
			children = (
				470A82FA221AEF7700B3BA0B /* CircleModel.h */,
				470A82FB221AEF7700B3BA0B /* CircleModel.m */,
				470A82FD221AF42600B3BA0B /* CircleLinkedList.h */,
				470A82FE221AF42600B3BA0B /* CircleLinkedList.m */,
				479F34EF221C55FF000E0F06 /* CircleGroup.h */,
				479F34F0221C55FF000E0F06 /* CircleGroup.m */,
			);
			path = Model;
			sourceTree = "<group>";
		};
		47C13965222ACFD3003221D5 /* preview */ = {
			isa = PBXGroup;
			children = (
				47C13966222ACFFC003221D5 /* Editor.PNG */,
				47C13968222AD006003221D5 /* Preview.PNG */,
			);
			path = preview;
			sourceTree = "<group>";
		};
		63091620221D0242005FE2E7 /* Utils */ = {
			isa = PBXGroup;
			children = (
				63091621221D026D005FE2E7 /* UIView+UIViewController.h */,
				63091622221D026D005FE2E7 /* UIView+UIViewController.m */,
				635C3008221ED0B70036619D /* UIBezierPath+dqd_arrowhead.h */,
				635C3009221ED0B70036619D /* UIBezierPath+dqd_arrowhead.m */,
			);
			path = Utils;
			sourceTree = "<group>";
		};
		635C2FFA221E4FA10036619D /* VC */ = {
			isa = PBXGroup;
			children = (
				470A82E6221AEEDE00B3BA0B /* ViewController.h */,
				470A82E7221AEEDE00B3BA0B /* ViewController.m */,
				635C2FFB221E4FF60036619D /* DetailViewController.h */,
				635C2FFC221E4FF60036619D /* DetailViewController.m */,
			);
			path = VC;
			sourceTree = "<group>";
		};
		635C2FFE221E51130036619D /* Manager */ = {
			isa = PBXGroup;
			children = (
				635C2FFF221E51400036619D /* CircleManager.h */,
				635C3000221E51400036619D /* CircleManager.m */,
			);
			path = Manager;
			sourceTree = "<group>";
		};
		637FF644221C263B00245228 /* View */ = {
			isa = PBXGroup;
			children = (
				637FF645221C265900245228 /* CircleView.h */,
				637FF646221C265900245228 /* CircleView.m */,
				637FF648221C269000245228 /* CircleCanvas.h */,
				637FF649221C269000245228 /* CircleCanvas.m */,
			);
			path = View;
			sourceTree = "<group>";
		};
/* End PBXGroup section */

/* Begin PBXNativeTarget section */
		470A82DF221AEEDE00B3BA0B /* AZOpenProject */ = {
			isa = PBXNativeTarget;
			buildConfigurationList = 470A82F6221AEEE100B3BA0B /* Build configuration list for PBXNativeTarget "AZOpenProject" */;
			buildPhases = (
				470A82DC221AEEDE00B3BA0B /* Sources */,
				470A82DD221AEEDE00B3BA0B /* Frameworks */,
				470A82DE221AEEDE00B3BA0B /* Resources */,
			);
			buildRules = (
			);
			dependencies = (
			);
			name = AZOpenProject;
			productName = OpenProject;
			productReference = 470A82E0221AEEDE00B3BA0B /* AZOpenProject.app */;
			productType = "com.apple.product-type.application";
		};
/* End PBXNativeTarget section */

/* Begin PBXProject section */
		470A82D8221AEEDE00B3BA0B /* Project object */ = {
			isa = PBXProject;
			attributes = {
				LastUpgradeCheck = 1010;
				ORGANIZATIONNAME = "阿曌";
				TargetAttributes = {
					470A82DF221AEEDE00B3BA0B = {
						CreatedOnToolsVersion = 10.1;
					};
				};
			};
			buildConfigurationList = 470A82DB221AEEDE00B3BA0B /* Build configuration list for PBXProject "AZOpenProject" */;
			compatibilityVersion = "Xcode 9.3";
			developmentRegion = en;
			hasScannedForEncodings = 0;
			knownRegions = (
				en,
				Base,
			);
			mainGroup = 470A82D7221AEEDE00B3BA0B;
			productRefGroup = 470A82E1221AEEDE00B3BA0B /* Products */;
			projectDirPath = "";
			projectRoot = "";
			targets = (
				470A82DF221AEEDE00B3BA0B /* AZOpenProject */,
			);
		};
/* End PBXProject section */

/* Begin PBXResourcesBuildPhase section */
		470A82DE221AEEDE00B3BA0B /* Resources */ = {
			isa = PBXResourcesBuildPhase;
			buildActionMask = 2147483647;
			files = (
				47C13967222ACFFC003221D5 /* Editor.PNG in Resources */,
				470A82F0221AEEE100B3BA0B /* LaunchScreen.storyboard in Resources */,
				470A82ED221AEEE100B3BA0B /* Assets.xcassets in Resources */,
				470A82EB221AEEDE00B3BA0B /* Main.storyboard in Resources */,
				47C13969222AD006003221D5 /* Preview.PNG in Resources */,
			);
			runOnlyForDeploymentPostprocessing = 0;
		};
/* End PBXResourcesBuildPhase section */

/* Begin PBXSourcesBuildPhase section */
		470A82DC221AEEDE00B3BA0B /* Sources */ = {
			isa = PBXSourcesBuildPhase;
			buildActionMask = 2147483647;
			files = (
				63091623221D026D005FE2E7 /* UIView+UIViewController.m in Sources */,
				470A82E8221AEEDE00B3BA0B /* ViewController.m in Sources */,
				470A82FC221AEF7700B3BA0B /* CircleModel.m in Sources */,
				637FF647221C265900245228 /* CircleView.m in Sources */,
				470A82FF221AF42600B3BA0B /* CircleLinkedList.m in Sources */,
				635C2FFD221E4FF60036619D /* DetailViewController.m in Sources */,
				637FF64A221C269000245228 /* CircleCanvas.m in Sources */,
				470A82F3221AEEE100B3BA0B /* main.m in Sources */,
				635C3001221E51400036619D /* CircleManager.m in Sources */,
				470A82E5221AEEDE00B3BA0B /* AppDelegate.m in Sources */,
				479F34F1221C55FF000E0F06 /* CircleGroup.m in Sources */,
				635C300A221ED0B70036619D /* UIBezierPath+dqd_arrowhead.m in Sources */,
			);
			runOnlyForDeploymentPostprocessing = 0;
		};
/* End PBXSourcesBuildPhase section */

/* Begin PBXVariantGroup section */
		470A82E9221AEEDE00B3BA0B /* Main.storyboard */ = {
			isa = PBXVariantGroup;
			children = (
				470A82EA221AEEDE00B3BA0B /* Base */,
			);
			name = Main.storyboard;
			sourceTree = "<group>";
		};
		470A82EE221AEEE100B3BA0B /* LaunchScreen.storyboard */ = {
			isa = PBXVariantGroup;
			children = (
				470A82EF221AEEE100B3BA0B /* Base */,
			);
			name = LaunchScreen.storyboard;
			sourceTree = "<group>";
		};
/* End PBXVariantGroup section */

/* Begin XCBuildConfiguration section */
		470A82F4221AEEE100B3BA0B /* Debug */ = {
			isa = XCBuildConfiguration;
			buildSettings = {
				ALWAYS_SEARCH_USER_PATHS = NO;
				CLANG_ANALYZER_NONNULL = YES;
				CLANG_ANALYZER_NUMBER_OBJECT_CONVERSION = YES_AGGRESSIVE;
				CLANG_CXX_LANGUAGE_STANDARD = "gnu++14";
				CLANG_CXX_LIBRARY = "libc++";
				CLANG_ENABLE_MODULES = YES;
				CLANG_ENABLE_OBJC_ARC = YES;
				CLANG_ENABLE_OBJC_WEAK = YES;
				CLANG_WARN_BLOCK_CAPTURE_AUTORELEASING = YES;
				CLANG_WARN_BOOL_CONVERSION = YES;
				CLANG_WARN_COMMA = YES;
				CLANG_WARN_CONSTANT_CONVERSION = YES;
				CLANG_WARN_DEPRECATED_OBJC_IMPLEMENTATIONS = YES;
				CLANG_WARN_DIRECT_OBJC_ISA_USAGE = YES_ERROR;
				CLANG_WARN_DOCUMENTATION_COMMENTS = YES;
				CLANG_WARN_EMPTY_BODY = YES;
				CLANG_WARN_ENUM_CONVERSION = YES;
				CLANG_WARN_INFINITE_RECURSION = YES;
				CLANG_WARN_INT_CONVERSION = YES;
				CLANG_WARN_NON_LITERAL_NULL_CONVERSION = YES;
				CLANG_WARN_OBJC_IMPLICIT_RETAIN_SELF = YES;
				CLANG_WARN_OBJC_LITERAL_CONVERSION = YES;
				CLANG_WARN_OBJC_ROOT_CLASS = YES_ERROR;
				CLANG_WARN_RANGE_LOOP_ANALYSIS = YES;
				CLANG_WARN_STRICT_PROTOTYPES = YES;
				CLANG_WARN_SUSPICIOUS_MOVE = YES;
				CLANG_WARN_UNGUARDED_AVAILABILITY = YES_AGGRESSIVE;
				CLANG_WARN_UNREACHABLE_CODE = YES;
				CLANG_WARN__DUPLICATE_METHOD_MATCH = YES;
				CODE_SIGN_IDENTITY = "iPhone Developer";
				COPY_PHASE_STRIP = NO;
				DEBUG_INFORMATION_FORMAT = dwarf;
				ENABLE_STRICT_OBJC_MSGSEND = YES;
				ENABLE_TESTABILITY = YES;
				GCC_C_LANGUAGE_STANDARD = gnu11;
				GCC_DYNAMIC_NO_PIC = NO;
				GCC_NO_COMMON_BLOCKS = YES;
				GCC_OPTIMIZATION_LEVEL = 0;
				GCC_PREPROCESSOR_DEFINITIONS = (
					"DEBUG=1",
					"$(inherited)",
				);
				GCC_WARN_64_TO_32_BIT_CONVERSION = YES;
				GCC_WARN_ABOUT_RETURN_TYPE = YES_ERROR;
				GCC_WARN_UNDECLARED_SELECTOR = YES;
				GCC_WARN_UNINITIALIZED_AUTOS = YES_AGGRESSIVE;
				GCC_WARN_UNUSED_FUNCTION = YES;
				GCC_WARN_UNUSED_VARIABLE = YES;
				IPHONEOS_DEPLOYMENT_TARGET = 12.1;
				MTL_ENABLE_DEBUG_INFO = INCLUDE_SOURCE;
				MTL_FAST_MATH = YES;
				ONLY_ACTIVE_ARCH = YES;
				SDKROOT = iphoneos;
			};
			name = Debug;
		};
		470A82F5221AEEE100B3BA0B /* Release */ = {
			isa = XCBuildConfiguration;
			buildSettings = {
				ALWAYS_SEARCH_USER_PATHS = NO;
				CLANG_ANALYZER_NONNULL = YES;
				CLANG_ANALYZER_NUMBER_OBJECT_CONVERSION = YES_AGGRESSIVE;
				CLANG_CXX_LANGUAGE_STANDARD = "gnu++14";
				CLANG_CXX_LIBRARY = "libc++";
				CLANG_ENABLE_MODULES = YES;
				CLANG_ENABLE_OBJC_ARC = YES;
				CLANG_ENABLE_OBJC_WEAK = YES;
				CLANG_WARN_BLOCK_CAPTURE_AUTORELEASING = YES;
				CLANG_WARN_BOOL_CONVERSION = YES;
				CLANG_WARN_COMMA = YES;
				CLANG_WARN_CONSTANT_CONVERSION = YES;
				CLANG_WARN_DEPRECATED_OBJC_IMPLEMENTATIONS = YES;
				CLANG_WARN_DIRECT_OBJC_ISA_USAGE = YES_ERROR;
				CLANG_WARN_DOCUMENTATION_COMMENTS = YES;
				CLANG_WARN_EMPTY_BODY = YES;
				CLANG_WARN_ENUM_CONVERSION = YES;
				CLANG_WARN_INFINITE_RECURSION = YES;
				CLANG_WARN_INT_CONVERSION = YES;
				CLANG_WARN_NON_LITERAL_NULL_CONVERSION = YES;
				CLANG_WARN_OBJC_IMPLICIT_RETAIN_SELF = YES;
				CLANG_WARN_OBJC_LITERAL_CONVERSION = YES;
				CLANG_WARN_OBJC_ROOT_CLASS = YES_ERROR;
				CLANG_WARN_RANGE_LOOP_ANALYSIS = YES;
				CLANG_WARN_STRICT_PROTOTYPES = YES;
				CLANG_WARN_SUSPICIOUS_MOVE = YES;
				CLANG_WARN_UNGUARDED_AVAILABILITY = YES_AGGRESSIVE;
				CLANG_WARN_UNREACHABLE_CODE = YES;
				CLANG_WARN__DUPLICATE_METHOD_MATCH = YES;
				CODE_SIGN_IDENTITY = "iPhone Developer";
				COPY_PHASE_STRIP = NO;
				DEBUG_INFORMATION_FORMAT = "dwarf-with-dsym";
				ENABLE_NS_ASSERTIONS = NO;
				ENABLE_STRICT_OBJC_MSGSEND = YES;
				GCC_C_LANGUAGE_STANDARD = gnu11;
				GCC_NO_COMMON_BLOCKS = YES;
				GCC_WARN_64_TO_32_BIT_CONVERSION = YES;
				GCC_WARN_ABOUT_RETURN_TYPE = YES_ERROR;
				GCC_WARN_UNDECLARED_SELECTOR = YES;
				GCC_WARN_UNINITIALIZED_AUTOS = YES_AGGRESSIVE;
				GCC_WARN_UNUSED_FUNCTION = YES;
				GCC_WARN_UNUSED_VARIABLE = YES;
				IPHONEOS_DEPLOYMENT_TARGET = 12.1;
				MTL_ENABLE_DEBUG_INFO = NO;
				MTL_FAST_MATH = YES;
				SDKROOT = iphoneos;
				VALIDATE_PRODUCT = YES;
			};
			name = Release;
		};
		470A82F7221AEEE100B3BA0B /* Debug */ = {
			isa = XCBuildConfiguration;
			buildSettings = {
				ASSETCATALOG_COMPILER_APPICON_NAME = AppIcon;
				CODE_SIGN_IDENTITY = "iPhone Developer";
				CODE_SIGN_STYLE = Automatic;
				DEVELOPMENT_TEAM = 7884U55YA7;
				INFOPLIST_FILE = "$(SRCROOT)/AZOpenProject/Info.plist";
				LD_RUNPATH_SEARCH_PATHS = (
					"$(inherited)",
					"@executable_path/Frameworks",
				);
				PRODUCT_BUNDLE_IDENTIFIER = azz.OpenProject;
				PRODUCT_NAME = "$(TARGET_NAME)";
				PROVISIONING_PROFILE_SPECIFIER = "";
				TARGETED_DEVICE_FAMILY = "1,2";
			};
			name = Debug;
		};
		470A82F8221AEEE100B3BA0B /* Release */ = {
			isa = XCBuildConfiguration;
			buildSettings = {
				ASSETCATALOG_COMPILER_APPICON_NAME = AppIcon;
				CODE_SIGN_IDENTITY = "iPhone Developer";
				CODE_SIGN_STYLE = Automatic;
				DEVELOPMENT_TEAM = 7884U55YA7;
				INFOPLIST_FILE = "$(SRCROOT)/AZOpenProject/Info.plist";
				LD_RUNPATH_SEARCH_PATHS = (
					"$(inherited)",
					"@executable_path/Frameworks",
				);
				PRODUCT_BUNDLE_IDENTIFIER = azz.OpenProject;
				PRODUCT_NAME = "$(TARGET_NAME)";
				PROVISIONING_PROFILE_SPECIFIER = "";
				TARGETED_DEVICE_FAMILY = "1,2";
			};
			name = Release;
		};
/* End XCBuildConfiguration section */

/* Begin XCConfigurationList section */
		470A82DB221AEEDE00B3BA0B /* Build configuration list for PBXProject "AZOpenProject" */ = {
			isa = XCConfigurationList;
			buildConfigurations = (
				470A82F4221AEEE100B3BA0B /* Debug */,
				470A82F5221AEEE100B3BA0B /* Release */,
			);
			defaultConfigurationIsVisible = 0;
			defaultConfigurationName = Release;
		};
		470A82F6221AEEE100B3BA0B /* Build configuration list for PBXNativeTarget "AZOpenProject" */ = {
			isa = XCConfigurationList;
			buildConfigurations = (
				470A82F7221AEEE100B3BA0B /* Debug */,
				470A82F8221AEEE100B3BA0B /* Release */,
			);
			defaultConfigurationIsVisible = 0;
			defaultConfigurationName = Release;
		};
/* End XCConfigurationList section */
	};
	rootObject = 470A82D8221AEEDE00B3BA0B /* Project object */;
}
